
Microsoft Visual Studio Solution File, Format Version 12.00
# Visual Studio Version 18
VisualStudioVersion = 18.1.11312.151
MinimumVisualStudioVersion = 10.0.40219.1
Project("{FAE04EC0-301F-11D3-BF4B-00C04F79EFBC}") = "_11_10_25_part_1_HW", "_11_10_25_part_1_HW\_11_10_25_part_1_HW.csproj", "{35E88B75-B3BD-4B31-8CDF-94AA1E2AEB64}"
EndProject
Project("{FAE04EC0-301F-11D3-BF4B-00C04F79EFBC}") = "_11_10_25_part_2_HW", "_11_10_25_part_2_HW\_11_10_25_part_2_HW.csproj", "{F9516DCC-699C-4F84-A2D8-3EA611A74CA9}"
EndProject
Project("{FAE04EC0-301F-11D3-BF4B-00C04F79EFBC}") = "_18_10_25_part_1_HW", "_18_10_25_part_1_HW\_18_10_25_part_1_HW.csproj", "{0A44FD08-AEC9-4E8F-8AD5-3A12C85B5FE3}"
EndProject
Project("{FAE04EC0-301F-11D3-BF4B-00C04F79EFBC}") = "Practical_task", "Practical_task\Practical_task.csproj", "{9852E76F-8837-4356-AA0B-8A6DB9284175}"
EndProject
Project("{FAE04EC0-301F-11D3-BF4B-00C04F79EFBC}") = "_18_10_25_part_2_HW", "_18_10_25_part_2_HW\_18_10_25_part_2_HW.csproj", "{14491FD3-7175-4E93-B0AF-7015C198D6F4}"
EndProject
Project("{FAE04EC0-301F-11D3-BF4B-00C04F79EFBC}") = "_25_10_25_part_1_HW", "_25_10_25_part_1_HW\_25_10_25_part_1_HW.csproj", "{C81D5E34-7BEE-4738-B66C-5B5A6A4971BF}"
EndProject
Project("{FAE04EC0-301F-11D3-BF4B-00C04F79EFBC}") = "_25_10_25_part_2_HW", "_25_10_25_part_2_HW\_25_10_25_part_2_HW.csproj", "{AB29ABDE-DDE0-4C6D-89CF-226D3AAC79BA}"
EndProject
Project("{FAE04EC0-301F-11D3-BF4B-00C04F79EFBC}") = "_01_11_25_HW", "_01_11_25_HW\_01_11_25_HW.csproj", "{4CCF6BE2-EC92-4A9B-9CD6-9992D85907B8}"
EndProject
Project("{FAE04EC0-301F-11D3-BF4B-00C04F79EFBC}") = "_08_11_25_part_1_HW", "_08_11_25_part_1_HW\_08_11_25_part_1_HW.csproj", "{21EA625B-79AA-43E1-8392-C0130EF81430}"
EndProject
Project("{FAE04EC0-301F-11D3-BF4B-00C04F79EFBC}") = "_29_11_25_HW", "_29_11_25_HW\_29_11_25_HW.csproj", "{75D15E86-F852-4421-9B7F-1219F94EADDC}"
EndProject
Project("{FAE04EC0-301F-11D3-BF4B-00C04F79EFBC}") = "_01_11_25_part_2_HW", "_01_11_25_part_2_HW\_01_11_25_part_2_HW.csproj", "{A89369CF-C9EE-4F19-A2FF-4DDC64F7AC13}"
EndProject
Project("{FAE04EC0-301F-11D3-BF4B-00C04F79EFBC}") = "_08_11_25_part_3_HW_Threads", "_08_11_25_part_3_HW_Threads\_08_11_25_part_3_HW_Threads.csproj", "{4B858E38-5FB9-40B2-9C55-3E8B6E230B72}"
EndProject
Project("{FAE04EC0-301F-11D3-BF4B-00C04F79EFBC}") = "_15_11_25_HW", "_15_11_25_HW\_15_11_25_HW.csproj", "{AFE800C2-79CA-41B6-9773-C611B99D2A82}"
EndProject
Project("{FAE04EC0-301F-11D3-BF4B-00C04F79EFBC}") = "_29_11_25_part_2_HW", "_29_11_25_part_2_HW\_29_11_25_part_2_HW.csproj", "{367BBD8B-F32A-45A9-BA7D-57456CAC7B19}"
EndProject
Project("{FAE04EC0-301F-11D3-BF4B-00C04F79EFBC}") = "_30_11_25_part_1_Interfaces_HW", "_30_11_25_part_1_Interfaces_HW\_30_11_25_part_1_Interfaces_HW.csproj", "{23EBC78A-9184-5680-66C1-090C92F0C8DE}"
EndProject
Project("{FAE04EC0-301F-11D3-BF4B-00C04F79EFBC}") = "_30_11_25_part_2_Standart_Interfaces_HW", "_30_11_25_part_2_Standart_Interfaces_HW\_30_11_25_part_2_Standart_Interfaces_HW.csproj", "{28DB73D2-E2DA-4519-817C-0AC379422C72}"
EndProject
Project("{FAE04EC0-301F-11D3-BF4B-00C04F79EFBC}") = "EntityTest", "EntityTest\EntityTest.csproj", "{98F96F33-00FA-4F88-97B0-750DCD852D2B}"
EndProject
Project("{FAE04EC0-301F-11D3-BF4B-00C04F79EFBC}") = "_06_12_25_part_1_Delegates_HW", "_06_12_25_part_1_Delegates_HW\_06_12_25_part_1_Delegates_HW.csproj", "{3F8A0FEE-165A-4B69-8CD9-0FC0CCB0CAEE}"
EndProject
Project("{FAE04EC0-301F-11D3-BF4B-00C04F79EFBC}") = "_06_12_25_part_2_TCP_HW", "_06_12_25_part_2_TCP_HW\_06_12_25_part_2_TCP_HW.csproj", "{06A1CE05-CD9B-45C6-B5E7-F638CC3C92F0}"
EndProject
Project("{FAE04EC0-301F-11D3-BF4B-00C04F79EFBC}") = "_06_12_25_part_2_TCP_Client_HW", "_06_12_25_part_2_TCP_Client_HW\_06_12_25_part_2_TCP_Client_HW.csproj", "{0E9067AF-8A98-426C-AA68-F9091DDEF630}"
EndProject
Project("{FAE04EC0-301F-11D3-BF4B-00C04F79EFBC}") = "_13_12_25_part_1_Generic_HW", "_13_12_25_part_1_Generic_HW\_13_12_25_part_1_Generic_HW.csproj", "{15BB40A6-7D96-4F26-9853-71F93C3B30CA}"
EndProject
Project("{FAE04EC0-301F-11D3-BF4B-00C04F79EFBC}") = "_13_12_25_part_2_TCPListener_HW", "_13_12_25_part_2_TCPListener_HW\_13_12_25_part_2_TCPListener_HW.csproj", "{B3DF07EA-A1AD-4057-9CAE-79F44EC6B668}"
EndProject
Project("{FAE04EC0-301F-11D3-BF4B-00C04F79EFBC}") = "_13_12_25_part_2_TCPListener_Client_HW", "_13_12_25_part_2_TCPListener_Client_HW\_13_12_25_part_2_TCPListener_Client_HW.csproj", "{41EFBE0E-0865-4375-88EB-2C3A1CA174BC}"
EndProject
Project("{FAE04EC0-301F-11D3-BF4B-00C04F79EFBC}") = "_20_12_25_part_1_Files_HW", "_20_12_25_part_1_Files_HW\_20_12_25_part_1_Files_HW.csproj", "{B4306985-8E10-48FA-8A74-4B8150E9E98C}"
EndProject
Project("{FAE04EC0-301F-11D3-BF4B-00C04F79EFBC}") = "_20_12_25_part_2_Http_HW", "_20_12_25_part_2_Http_HW\_20_12_25_part_2_Http_HW.csproj", "{9B7454B2-9FF8-41A1-9596-20C99660D38D}"
EndProject
Project("{FAE04EC0-301F-11D3-BF4B-00C04F79EFBC}") = "_20_12_25_part_2_HttpJSON_HW", "_20_12_25_part_2_HttpJSON_HW\_20_12_25_part_2_HttpJSON_HW.csproj", "{2BE44538-CA36-48B5-8EBE-85B864C7C3C2}"
EndProject
Global
	GlobalSection(SolutionConfigurationPlatforms) = preSolution
		Debug|Any CPU = Debug|Any CPU
		Release|Any CPU = Release|Any CPU
	EndGlobalSection
	GlobalSection(ProjectConfigurationPlatforms) = postSolution
		{35E88B75-B3BD-4B31-8CDF-94AA1E2AEB64}.Debug|Any CPU.ActiveCfg = Debug|Any CPU
		{35E88B75-B3BD-4B31-8CDF-94AA1E2AEB64}.Debug|Any CPU.Build.0 = Debug|Any CPU
		{35E88B75-B3BD-4B31-8CDF-94AA1E2AEB64}.Release|Any CPU.ActiveCfg = Release|Any CPU
		{35E88B75-B3BD-4B31-8CDF-94AA1E2AEB64}.Release|Any CPU.Build.0 = Release|Any CPU
		{F9516DCC-699C-4F84-A2D8-3EA611A74CA9}.Debug|Any CPU.ActiveCfg = Debug|Any CPU
		{F9516DCC-699C-4F84-A2D8-3EA611A74CA9}.Debug|Any CPU.Build.0 = Debug|Any CPU
		{F9516DCC-699C-4F84-A2D8-3EA611A74CA9}.Release|Any CPU.ActiveCfg = Release|Any CPU
		{F9516DCC-699C-4F84-A2D8-3EA611A74CA9}.Release|Any CPU.Build.0 = Release|Any CPU
		{0A44FD08-AEC9-4E8F-8AD5-3A12C85B5FE3}.Debug|Any CPU.ActiveCfg = Debug|Any CPU
		{0A44FD08-AEC9-4E8F-8AD5-3A12C85B5FE3}.Debug|Any CPU.Build.0 = Debug|Any CPU
		{0A44FD08-AEC9-4E8F-8AD5-3A12C85B5FE3}.Release|Any CPU.ActiveCfg = Release|Any CPU
		{0A44FD08-AEC9-4E8F-8AD5-3A12C85B5FE3}.Release|Any CPU.Build.0 = Release|Any CPU
		{9852E76F-8837-4356-AA0B-8A6DB9284175}.Debug|Any CPU.ActiveCfg = Debug|Any CPU
		{9852E76F-8837-4356-AA0B-8A6DB9284175}.Debug|Any CPU.Build.0 = Debug|Any CPU
		{9852E76F-8837-4356-AA0B-8A6DB9284175}.Release|Any CPU.ActiveCfg = Release|Any CPU
		{9852E76F-8837-4356-AA0B-8A6DB9284175}.Release|Any CPU.Build.0 = Release|Any CPU
		{14491FD3-7175-4E93-B0AF-7015C198D6F4}.Debug|Any CPU.ActiveCfg = Debug|Any CPU
		{14491FD3-7175-4E93-B0AF-7015C198D6F4}.Debug|Any CPU.Build.0 = Debug|Any CPU
		{14491FD3-7175-4E93-B0AF-7015C198D6F4}.Release|Any CPU.ActiveCfg = Release|Any CPU
		{14491FD3-7175-4E93-B0AF-7015C198D6F4}.Release|Any CPU.Build.0 = Release|Any CPU
		{C81D5E34-7BEE-4738-B66C-5B5A6A4971BF}.Debug|Any CPU.ActiveCfg = Debug|Any CPU
		{C81D5E34-7BEE-4738-B66C-5B5A6A4971BF}.Debug|Any CPU.Build.0 = Debug|Any CPU
		{C81D5E34-7BEE-4738-B66C-5B5A6A4971BF}.Release|Any CPU.ActiveCfg = Release|Any CPU
		{C81D5E34-7BEE-4738-B66C-5B5A6A4971BF}.Release|Any CPU.Build.0 = Release|Any CPU
		{AB29ABDE-DDE0-4C6D-89CF-226D3AAC79BA}.Debug|Any CPU.ActiveCfg = Debug|Any CPU
		{AB29ABDE-DDE0-4C6D-89CF-226D3AAC79BA}.Debug|Any CPU.Build.0 = Debug|Any CPU
		{AB29ABDE-DDE0-4C6D-89CF-226D3AAC79BA}.Release|Any CPU.ActiveCfg = Release|Any CPU
		{AB29ABDE-DDE0-4C6D-89CF-226D3AAC79BA}.Release|Any CPU.Build.0 = Release|Any CPU
		{4CCF6BE2-EC92-4A9B-9CD6-9992D85907B8}.Debug|Any CPU.ActiveCfg = Debug|Any CPU
		{4CCF6BE2-EC92-4A9B-9CD6-9992D85907B8}.Debug|Any CPU.Build.0 = Debug|Any CPU
		{4CCF6BE2-EC92-4A9B-9CD6-9992D85907B8}.Release|Any CPU.ActiveCfg = Release|Any CPU
		{4CCF6BE2-EC92-4A9B-9CD6-9992D85907B8}.Release|Any CPU.Build.0 = Release|Any CPU
		{21EA625B-79AA-43E1-8392-C0130EF81430}.Debug|Any CPU.ActiveCfg = Debug|Any CPU
		{21EA625B-79AA-43E1-8392-C0130EF81430}.Debug|Any CPU.Build.0 = Debug|Any CPU
		{21EA625B-79AA-43E1-8392-C0130EF81430}.Release|Any CPU.ActiveCfg = Release|Any CPU
		{21EA625B-79AA-43E1-8392-C0130EF81430}.Release|Any CPU.Build.0 = Release|Any CPU
		{75D15E86-F852-4421-9B7F-1219F94EADDC}.Debug|Any CPU.ActiveCfg = Debug|Any CPU
		{75D15E86-F852-4421-9B7F-1219F94EADDC}.Debug|Any CPU.Build.0 = Debug|Any CPU
		{75D15E86-F852-4421-9B7F-1219F94EADDC}.Release|Any CPU.ActiveCfg = Release|Any CPU
		{75D15E86-F852-4421-9B7F-1219F94EADDC}.Release|Any CPU.Build.0 = Release|Any CPU
		{A89369CF-C9EE-4F19-A2FF-4DDC64F7AC13}.Debug|Any CPU.ActiveCfg = Debug|Any CPU
		{A89369CF-C9EE-4F19-A2FF-4DDC64F7AC13}.Debug|Any CPU.Build.0 = Debug|Any CPU
		{A89369CF-C9EE-4F19-A2FF-4DDC64F7AC13}.Release|Any CPU.ActiveCfg = Release|Any CPU
		{A89369CF-C9EE-4F19-A2FF-4DDC64F7AC13}.Release|Any CPU.Build.0 = Release|Any CPU
		{4B858E38-5FB9-40B2-9C55-3E8B6E230B72}.Debug|Any CPU.ActiveCfg = Debug|Any CPU
		{4B858E38-5FB9-40B2-9C55-3E8B6E230B72}.Debug|Any CPU.Build.0 = Debug|Any CPU
		{4B858E38-5FB9-40B2-9C55-3E8B6E230B72}.Release|Any CPU.ActiveCfg = Release|Any CPU
		{4B858E38-5FB9-40B2-9C55-3E8B6E230B72}.Release|Any CPU.Build.0 = Release|Any CPU
		{AFE800C2-79CA-41B6-9773-C611B99D2A82}.Debug|Any CPU.ActiveCfg = Debug|Any CPU
		{AFE800C2-79CA-41B6-9773-C611B99D2A82}.Debug|Any CPU.Build.0 = Debug|Any CPU
		{AFE800C2-79CA-41B6-9773-C611B99D2A82}.Release|Any CPU.ActiveCfg = Release|Any CPU
		{AFE800C2-79CA-41B6-9773-C611B99D2A82}.Release|Any CPU.Build.0 = Release|Any CPU
		{367BBD8B-F32A-45A9-BA7D-57456CAC7B19}.Debug|Any CPU.ActiveCfg = Debug|Any CPU
		{367BBD8B-F32A-45A9-BA7D-57456CAC7B19}.Debug|Any CPU.Build.0 = Debug|Any CPU
		{367BBD8B-F32A-45A9-BA7D-57456CAC7B19}.Release|Any CPU.ActiveCfg = Release|Any CPU
		{367BBD8B-F32A-45A9-BA7D-57456CAC7B19}.Release|Any CPU.Build.0 = Release|Any CPU
		{23EBC78A-9184-5680-66C1-090C92F0C8DE}.Debug|Any CPU.ActiveCfg = Debug|Any CPU
		{23EBC78A-9184-5680-66C1-090C92F0C8DE}.Debug|Any CPU.Build.0 = Debug|Any CPU
		{23EBC78A-9184-5680-66C1-090C92F0C8DE}.Release|Any CPU.ActiveCfg = Release|Any CPU
		{23EBC78A-9184-5680-66C1-090C92F0C8DE}.Release|Any CPU.Build.0 = Release|Any CPU
		{28DB73D2-E2DA-4519-817C-0AC379422C72}.Debug|Any CPU.ActiveCfg = Debug|Any CPU
		{28DB73D2-E2DA-4519-817C-0AC379422C72}.Debug|Any CPU.Build.0 = Debug|Any CPU
		{28DB73D2-E2DA-4519-817C-0AC379422C72}.Release|Any CPU.ActiveCfg = Release|Any CPU
		{28DB73D2-E2DA-4519-817C-0AC379422C72}.Release|Any CPU.Build.0 = Release|Any CPU
		{98F96F33-00FA-4F88-97B0-750DCD852D2B}.Debug|Any CPU.ActiveCfg = Debug|Any CPU
		{98F96F33-00FA-4F88-97B0-750DCD852D2B}.Debug|Any CPU.Build.0 = Debug|Any CPU
		{98F96F33-00FA-4F88-97B0-750DCD852D2B}.Release|Any CPU.ActiveCfg = Release|Any CPU
		{98F96F33-00FA-4F88-97B0-750DCD852D2B}.Release|Any CPU.Build.0 = Release|Any CPU
		{3F8A0FEE-165A-4B69-8CD9-0FC0CCB0CAEE}.Debug|Any CPU.ActiveCfg = Debug|Any CPU
		{3F8A0FEE-165A-4B69-8CD9-0FC0CCB0CAEE}.Debug|Any CPU.Build.0 = Debug|Any CPU
		{3F8A0FEE-165A-4B69-8CD9-0FC0CCB0CAEE}.Release|Any CPU.ActiveCfg = Release|Any CPU
		{3F8A0FEE-165A-4B69-8CD9-0FC0CCB0CAEE}.Release|Any CPU.Build.0 = Release|Any CPU
		{06A1CE05-CD9B-45C6-B5E7-F638CC3C92F0}.Debug|Any CPU.ActiveCfg = Debug|Any CPU
		{06A1CE05-CD9B-45C6-B5E7-F638CC3C92F0}.Debug|Any CPU.Build.0 = Debug|Any CPU
		{06A1CE05-CD9B-45C6-B5E7-F638CC3C92F0}.Release|Any CPU.ActiveCfg = Release|Any CPU
		{06A1CE05-CD9B-45C6-B5E7-F638CC3C92F0}.Release|Any CPU.Build.0 = Release|Any CPU
		{0E9067AF-8A98-426C-AA68-F9091DDEF630}.Debug|Any CPU.ActiveCfg = Debug|Any CPU
		{0E9067AF-8A98-426C-AA68-F9091DDEF630}.Debug|Any CPU.Build.0 = Debug|Any CPU
		{0E9067AF-8A98-426C-AA68-F9091DDEF630}.Release|Any CPU.ActiveCfg = Release|Any CPU
		{0E9067AF-8A98-426C-AA68-F9091DDEF630}.Release|Any CPU.Build.0 = Release|Any CPU
		{15BB40A6-7D96-4F26-9853-71F93C3B30CA}.Debug|Any CPU.ActiveCfg = Debug|Any CPU
		{15BB40A6-7D96-4F26-9853-71F93C3B30CA}.Debug|Any CPU.Build.0 = Debug|Any CPU
		{15BB40A6-7D96-4F26-9853-71F93C3B30CA}.Release|Any CPU.ActiveCfg = Release|Any CPU
		{15BB40A6-7D96-4F26-9853-71F93C3B30CA}.Release|Any CPU.Build.0 = Release|Any CPU
		{B3DF07EA-A1AD-4057-9CAE-79F44EC6B668}.Debug|Any CPU.ActiveCfg = Debug|Any CPU
		{B3DF07EA-A1AD-4057-9CAE-79F44EC6B668}.Debug|Any CPU.Build.0 = Debug|Any CPU
		{B3DF07EA-A1AD-4057-9CAE-79F44EC6B668}.Release|Any CPU.ActiveCfg = Release|Any CPU
		{B3DF07EA-A1AD-4057-9CAE-79F44EC6B668}.Release|Any CPU.Build.0 = Release|Any CPU
		{41EFBE0E-0865-4375-88EB-2C3A1CA174BC}.Debug|Any CPU.ActiveCfg = Debug|Any CPU
		{41EFBE0E-0865-4375-88EB-2C3A1CA174BC}.Debug|Any CPU.Build.0 = Debug|Any CPU
		{41EFBE0E-0865-4375-88EB-2C3A1CA174BC}.Release|Any CPU.ActiveCfg = Release|Any CPU
		{41EFBE0E-0865-4375-88EB-2C3A1CA174BC}.Release|Any CPU.Build.0 = Release|Any CPU
		{B4306985-8E10-48FA-8A74-4B8150E9E98C}.Debug|Any CPU.ActiveCfg = Debug|Any CPU
		{B4306985-8E10-48FA-8A74-4B8150E9E98C}.Debug|Any CPU.Build.0 = Debug|Any CPU
		{B4306985-8E10-48FA-8A74-4B8150E9E98C}.Release|Any CPU.ActiveCfg = Release|Any CPU
		{B4306985-8E10-48FA-8A74-4B8150E9E98C}.Release|Any CPU.Build.0 = Release|Any CPU
		{9B7454B2-9FF8-41A1-9596-20C99660D38D}.Debug|Any CPU.ActiveCfg = Debug|Any CPU
		{9B7454B2-9FF8-41A1-9596-20C99660D38D}.Debug|Any CPU.Build.0 = Debug|Any CPU
		{9B7454B2-9FF8-41A1-9596-20C99660D38D}.Release|Any CPU.ActiveCfg = Release|Any CPU
		{9B7454B2-9FF8-41A1-9596-20C99660D38D}.Release|Any CPU.Build.0 = Release|Any CPU
		{2BE44538-CA36-48B5-8EBE-85B864C7C3C2}.Debug|Any CPU.ActiveCfg = Debug|Any CPU
		{2BE44538-CA36-48B5-8EBE-85B864C7C3C2}.Debug|Any CPU.Build.0 = Debug|Any CPU
		{2BE44538-CA36-48B5-8EBE-85B864C7C3C2}.Release|Any CPU.ActiveCfg = Release|Any CPU
		{2BE44538-CA36-48B5-8EBE-85B864C7C3C2}.Release|Any CPU.Build.0 = Release|Any CPU
	EndGlobalSection
	GlobalSection(SolutionProperties) = preSolution
		HideSolutionNode = FALSE
	EndGlobalSection
	GlobalSection(ExtensibilityGlobals) = postSolution
		SolutionGuid = {B342A4B2-7339-42E2-B0EA-9C2DC741A471}
	EndGlobalSection
EndGlobal
